
Microsoft Visual Studio Solution File, Format Version 12.00
# Visual Studio Version 17
VisualStudioVersion = 17.5.33516.290
MinimumVisualStudioVersion = 10.0.40219.1
Project("{FAE04EC0-301F-11D3-BF4B-00C04F79EFBC}") = "Day1Tasks", "Day1Tasks\Day1Tasks.csproj", "{39A64E66-7922-411A-A6D3-16577E863902}"
EndProject
Project("{FAE04EC0-301F-11D3-BF4B-00C04F79EFBC}") = "Day2Tasks", "Day2Tasks\Day2Tasks.csproj", "{54408750-378C-4D58-92BE-432296765120}"
EndProject
Project("{FAE04EC0-301F-11D3-BF4B-00C04F79EFBC}") = "Day3Tasks", "Day3Tasks\Day3Tasks.csproj", "{7D480976-E1BC-4BFD-9466-8B588D7DA138}"
EndProject
Project("{FAE04EC0-301F-11D3-BF4B-00C04F79EFBC}") = "Day4Tasks", "Day4Tasks\Day4Tasks.csproj", "{2E5782AB-D0DE-4E53-9475-A66F279726C7}"
EndProject
Project("{FAE04EC0-301F-11D3-BF4B-00C04F79EFBC}") = "Day5Tasks", "Day5Tasks\Day5Tasks.csproj", "{D7AA7665-89A7-42F1-BDFF-2EC92A0E4140}"
EndProject
Project("{FAE04EC0-301F-11D3-BF4B-00C04F79EFBC}") = "Day5-6Tasks", "Day5-6Tasks\Day5-6Tasks.csproj", "{AB57115A-F931-4B65-9CF6-3227C13F2068}"
EndProject
Project("{FAE04EC0-301F-11D3-BF4B-00C04F79EFBC}") = "Day6Tasks", "Day6Tasks\Day6Tasks.csproj", "{6E02360F-5BA4-44BB-A70A-2220E9A064FB}"
EndProject
Project("{FAE04EC0-301F-11D3-BF4B-00C04F79EFBC}") = "Day7Tasks", "Day7Tasks\Day7Tasks.csproj", "{26F7EAD0-1230-4D98-A96F-D96C09AF7F04}"
EndProject
Project("{FAE04EC0-301F-11D3-BF4B-00C04F79EFBC}") = "Day8Tasks", "Day8Tasks\Day8Tasks.csproj", "{CA8A0668-487C-4B97-8E3D-9D036A4BBFFE}"
EndProject
Project("{FAE04EC0-301F-11D3-BF4B-00C04F79EFBC}") = "Day9Tasks", "Day9Tasks\Day9Tasks.csproj", "{8D8615E8-D3BD-4096-BF9B-46025DBF0426}"
EndProject
Project("{FAE04EC0-301F-11D3-BF4B-00C04F79EFBC}") = "Day9TasksPart2", "Day9TasksPart2\Day9TasksPart2.csproj", "{DFA34E15-84A3-4A8E-AA36-E798528B042F}"
EndProject
Project("{FAE04EC0-301F-11D3-BF4B-00C04F79EFBC}") = "Day9TasksPart3", "Day9TasksPart3\Day9TasksPart3.csproj", "{CFD7A554-A03E-4685-B3B7-2A61CE172E1C}"
EndProject
Project("{FAE04EC0-301F-11D3-BF4B-00C04F79EFBC}") = "Day10Tasks", "Day10Tasks\Day10Tasks.csproj", "{F6AC8E05-3E16-438D-9B43-B531B58E767E}"
EndProject
Project("{FAE04EC0-301F-11D3-BF4B-00C04F79EFBC}") = "Day11Tasks", "Day11Tasks\Day11Tasks.csproj", "{CBF23617-D58E-4493-974B-83C889266F26}"
EndProject
Project("{FAE04EC0-301F-11D3-BF4B-00C04F79EFBC}") = "Day11WindowsForm", "Day11WindowsForm\Day11WindowsForm.csproj", "{81FAA853-FD5C-468E-8D6F-635422F32DFB}"
EndProject
Project("{FAE04EC0-301F-11D3-BF4B-00C04F79EFBC}") = "Day12Tasks", "Day12Tasks\Day12Tasks.csproj", "{1B7E7D6C-C843-447E-80EB-E237FEE37B49}"
EndProject
Project("{FAE04EC0-301F-11D3-BF4B-00C04F79EFBC}") = "Day13Tasks", "Day13Tasks\Day13Tasks.csproj", "{E190BF01-71BB-4B4B-BC8A-F04D27CB2995}"
EndProject
Project("{FAE04EC0-301F-11D3-BF4B-00C04F79EFBC}") = "Day13TasksPart2", "Day13TasksPart2\Day13TasksPart2.csproj", "{A2859525-5CEA-4CF3-B643-F9C8BDE1825A}"
EndProject
Project("{FAE04EC0-301F-11D3-BF4B-00C04F79EFBC}") = "Day14Tasks", "Day14Tasks\Day14Tasks.csproj", "{62627410-5E6F-4EC8-8EE5-AA24F54D2B25}"
EndProject
Project("{FAE04EC0-301F-11D3-BF4B-00C04F79EFBC}") = "Day15Tasks", "Day15Tasks\Day15Tasks.csproj", "{466554B0-ADA8-400C-93DC-00CF13AA459F}"
EndProject
Project("{FAE04EC0-301F-11D3-BF4B-00C04F79EFBC}") = "Day15TasksPart2", "Day15TasksPart2\Day15TasksPart2.csproj", "{54678C34-C23A-4CC0-8B1B-1D84C4EEA7E1}"
EndProject
Project("{FAE04EC0-301F-11D3-BF4B-00C04F79EFBC}") = "Day17Tasks", "Day17Tasks\Day17Tasks.csproj", "{22C42C0B-BF5E-4314-9F6A-6BA50FBB9D52}"
EndProject
Project("{FAE04EC0-301F-11D3-BF4B-00C04F79EFBC}") = "Day18Tasks", "Day18Tasks\Day18Tasks.csproj", "{98885BF2-9427-4202-8590-49436D6285AC}"
EndProject
Project("{FAE04EC0-301F-11D3-BF4B-00C04F79EFBC}") = "Day18TasksPart2", "Day18TasksPart2\Day18TasksPart2.csproj", "{25F6EF11-3395-436F-88DC-6309A44880A9}"
EndProject
Project("{FAE04EC0-301F-11D3-BF4B-00C04F79EFBC}") = "Day18TasksPart3", "Day18TasksPart3\Day18TasksPart3.csproj", "{AD99F482-96B8-42D3-A2C3-093A81020C6A}"
EndProject
Project("{FAE04EC0-301F-11D3-BF4B-00C04F79EFBC}") = "Day19Tasks", "Day19Tasks\Day19Tasks.csproj", "{6C838AFF-6DF3-4529-A16F-849458BE3727}"
EndProject
Project("{FAE04EC0-301F-11D3-BF4B-00C04F79EFBC}") = "Day20Tasks", "Day20Tasks\Day20Tasks.csproj", "{98E93CA5-E1F6-4845-8C25-79766DF9E820}"
EndProject
Project("{FAE04EC0-301F-11D3-BF4B-00C04F79EFBC}") = "Day20TasksPart2", "Day20TasksPart2\Day20TasksPart2.csproj", "{48A0932A-9EAD-4D4B-91EE-B7FDC4D24DC8}"
EndProject
Project("{FAE04EC0-301F-11D3-BF4B-00C04F79EFBC}") = "Day21Tasks", "Day21Tasks\Day21Tasks.csproj", "{4A813809-6D29-4F79-9778-A3901CEE0BCC}"
EndProject
Project("{FAE04EC0-301F-11D3-BF4B-00C04F79EFBC}") = "Day22TasksPart1", "Day22TasksPart1\Day22TasksPart1.csproj", "{E67ACAD0-420D-4785-9DDB-60A50A878356}"
EndProject
Project("{FAE04EC0-301F-11D3-BF4B-00C04F79EFBC}") = "Day23Tasks", "Day23Tasks\Day23Tasks.csproj", "{74F22598-C248-4493-914F-9C60EE83F177}"
EndProject
Project("{FAE04EC0-301F-11D3-BF4B-00C04F79EFBC}") = "Day24Tasks", "Day24Tasks\Day24Tasks.csproj", "{BC87501E-53A8-42F4-B2FB-EE0F64065CC5}"
EndProject
Project("{FAE04EC0-301F-11D3-BF4B-00C04F79EFBC}") = "Day25Tasks", "Day25Tasks\Day25Tasks.csproj", "{9C02157C-3778-451E-AE8A-61BC822AC7F1}"
EndProject
Project("{FAE04EC0-301F-11D3-BF4B-00C04F79EFBC}") = "Day26Tasks", "Day26Tasks\Day26Tasks.csproj", "{FCA24109-A4D1-4103-8580-81F6D229BBBE}"
EndProject
Global
	GlobalSection(SolutionConfigurationPlatforms) = preSolution
		Debug|Any CPU = Debug|Any CPU
		Release|Any CPU = Release|Any CPU
	EndGlobalSection
	GlobalSection(ProjectConfigurationPlatforms) = postSolution
		{39A64E66-7922-411A-A6D3-16577E863902}.Debug|Any CPU.ActiveCfg = Debug|Any CPU
		{39A64E66-7922-411A-A6D3-16577E863902}.Debug|Any CPU.Build.0 = Debug|Any CPU
		{39A64E66-7922-411A-A6D3-16577E863902}.Release|Any CPU.ActiveCfg = Release|Any CPU
		{39A64E66-7922-411A-A6D3-16577E863902}.Release|Any CPU.Build.0 = Release|Any CPU
		{54408750-378C-4D58-92BE-432296765120}.Debug|Any CPU.ActiveCfg = Debug|Any CPU
		{54408750-378C-4D58-92BE-432296765120}.Debug|Any CPU.Build.0 = Debug|Any CPU
		{54408750-378C-4D58-92BE-432296765120}.Release|Any CPU.ActiveCfg = Release|Any CPU
		{54408750-378C-4D58-92BE-432296765120}.Release|Any CPU.Build.0 = Release|Any CPU
		{7D480976-E1BC-4BFD-9466-8B588D7DA138}.Debug|Any CPU.ActiveCfg = Debug|Any CPU
		{7D480976-E1BC-4BFD-9466-8B588D7DA138}.Debug|Any CPU.Build.0 = Debug|Any CPU
		{7D480976-E1BC-4BFD-9466-8B588D7DA138}.Release|Any CPU.ActiveCfg = Release|Any CPU
		{7D480976-E1BC-4BFD-9466-8B588D7DA138}.Release|Any CPU.Build.0 = Release|Any CPU
		{2E5782AB-D0DE-4E53-9475-A66F279726C7}.Debug|Any CPU.ActiveCfg = Debug|Any CPU
		{2E5782AB-D0DE-4E53-9475-A66F279726C7}.Debug|Any CPU.Build.0 = Debug|Any CPU
		{2E5782AB-D0DE-4E53-9475-A66F279726C7}.Release|Any CPU.ActiveCfg = Release|Any CPU
		{2E5782AB-D0DE-4E53-9475-A66F279726C7}.Release|Any CPU.Build.0 = Release|Any CPU
		{D7AA7665-89A7-42F1-BDFF-2EC92A0E4140}.Debug|Any CPU.ActiveCfg = Debug|Any CPU
		{D7AA7665-89A7-42F1-BDFF-2EC92A0E4140}.Debug|Any CPU.Build.0 = Debug|Any CPU
		{D7AA7665-89A7-42F1-BDFF-2EC92A0E4140}.Release|Any CPU.ActiveCfg = Release|Any CPU
		{D7AA7665-89A7-42F1-BDFF-2EC92A0E4140}.Release|Any CPU.Build.0 = Release|Any CPU
		{AB57115A-F931-4B65-9CF6-3227C13F2068}.Debug|Any CPU.ActiveCfg = Debug|Any CPU
		{AB57115A-F931-4B65-9CF6-3227C13F2068}.Debug|Any CPU.Build.0 = Debug|Any CPU
		{AB57115A-F931-4B65-9CF6-3227C13F2068}.Release|Any CPU.ActiveCfg = Release|Any CPU
		{AB57115A-F931-4B65-9CF6-3227C13F2068}.Release|Any CPU.Build.0 = Release|Any CPU
		{6E02360F-5BA4-44BB-A70A-2220E9A064FB}.Debug|Any CPU.ActiveCfg = Debug|Any CPU
		{6E02360F-5BA4-44BB-A70A-2220E9A064FB}.Debug|Any CPU.Build.0 = Debug|Any CPU
		{6E02360F-5BA4-44BB-A70A-2220E9A064FB}.Release|Any CPU.ActiveCfg = Release|Any CPU
		{6E02360F-5BA4-44BB-A70A-2220E9A064FB}.Release|Any CPU.Build.0 = Release|Any CPU
		{26F7EAD0-1230-4D98-A96F-D96C09AF7F04}.Debug|Any CPU.ActiveCfg = Debug|Any CPU
		{26F7EAD0-1230-4D98-A96F-D96C09AF7F04}.Debug|Any CPU.Build.0 = Debug|Any CPU
		{26F7EAD0-1230-4D98-A96F-D96C09AF7F04}.Release|Any CPU.ActiveCfg = Release|Any CPU
		{26F7EAD0-1230-4D98-A96F-D96C09AF7F04}.Release|Any CPU.Build.0 = Release|Any CPU
		{CA8A0668-487C-4B97-8E3D-9D036A4BBFFE}.Debug|Any CPU.ActiveCfg = Debug|Any CPU
		{CA8A0668-487C-4B97-8E3D-9D036A4BBFFE}.Debug|Any CPU.Build.0 = Debug|Any CPU
		{CA8A0668-487C-4B97-8E3D-9D036A4BBFFE}.Release|Any CPU.ActiveCfg = Release|Any CPU
		{CA8A0668-487C-4B97-8E3D-9D036A4BBFFE}.Release|Any CPU.Build.0 = Release|Any CPU
		{8D8615E8-D3BD-4096-BF9B-46025DBF0426}.Debug|Any CPU.ActiveCfg = Debug|Any CPU
		{8D8615E8-D3BD-4096-BF9B-46025DBF0426}.Debug|Any CPU.Build.0 = Debug|Any CPU
		{8D8615E8-D3BD-4096-BF9B-46025DBF0426}.Release|Any CPU.ActiveCfg = Release|Any CPU
		{8D8615E8-D3BD-4096-BF9B-46025DBF0426}.Release|Any CPU.Build.0 = Release|Any CPU
		{DFA34E15-84A3-4A8E-AA36-E798528B042F}.Debug|Any CPU.ActiveCfg = Debug|Any CPU
		{DFA34E15-84A3-4A8E-AA36-E798528B042F}.Debug|Any CPU.Build.0 = Debug|Any CPU
		{DFA34E15-84A3-4A8E-AA36-E798528B042F}.Release|Any CPU.ActiveCfg = Release|Any CPU
		{DFA34E15-84A3-4A8E-AA36-E798528B042F}.Release|Any CPU.Build.0 = Release|Any CPU
		{CFD7A554-A03E-4685-B3B7-2A61CE172E1C}.Debug|Any CPU.ActiveCfg = Debug|Any CPU
		{CFD7A554-A03E-4685-B3B7-2A61CE172E1C}.Debug|Any CPU.Build.0 = Debug|Any CPU
		{CFD7A554-A03E-4685-B3B7-2A61CE172E1C}.Release|Any CPU.ActiveCfg = Release|Any CPU
		{CFD7A554-A03E-4685-B3B7-2A61CE172E1C}.Release|Any CPU.Build.0 = Release|Any CPU
		{F6AC8E05-3E16-438D-9B43-B531B58E767E}.Debug|Any CPU.ActiveCfg = Debug|Any CPU
		{F6AC8E05-3E16-438D-9B43-B531B58E767E}.Debug|Any CPU.Build.0 = Debug|Any CPU
		{F6AC8E05-3E16-438D-9B43-B531B58E767E}.Release|Any CPU.ActiveCfg = Release|Any CPU
		{F6AC8E05-3E16-438D-9B43-B531B58E767E}.Release|Any CPU.Build.0 = Release|Any CPU
		{CBF23617-D58E-4493-974B-83C889266F26}.Debug|Any CPU.ActiveCfg = Debug|Any CPU
		{CBF23617-D58E-4493-974B-83C889266F26}.Debug|Any CPU.Build.0 = Debug|Any CPU
		{CBF23617-D58E-4493-974B-83C889266F26}.Release|Any CPU.ActiveCfg = Release|Any CPU
		{CBF23617-D58E-4493-974B-83C889266F26}.Release|Any CPU.Build.0 = Release|Any CPU
		{81FAA853-FD5C-468E-8D6F-635422F32DFB}.Debug|Any CPU.ActiveCfg = Debug|Any CPU
		{81FAA853-FD5C-468E-8D6F-635422F32DFB}.Debug|Any CPU.Build.0 = Debug|Any CPU
		{81FAA853-FD5C-468E-8D6F-635422F32DFB}.Release|Any CPU.ActiveCfg = Release|Any CPU
		{81FAA853-FD5C-468E-8D6F-635422F32DFB}.Release|Any CPU.Build.0 = Release|Any CPU
		{1B7E7D6C-C843-447E-80EB-E237FEE37B49}.Debug|Any CPU.ActiveCfg = Debug|Any CPU
		{1B7E7D6C-C843-447E-80EB-E237FEE37B49}.Debug|Any CPU.Build.0 = Debug|Any CPU
		{1B7E7D6C-C843-447E-80EB-E237FEE37B49}.Release|Any CPU.ActiveCfg = Release|Any CPU
		{1B7E7D6C-C843-447E-80EB-E237FEE37B49}.Release|Any CPU.Build.0 = Release|Any CPU
		{E190BF01-71BB-4B4B-BC8A-F04D27CB2995}.Debug|Any CPU.ActiveCfg = Debug|Any CPU
		{E190BF01-71BB-4B4B-BC8A-F04D27CB2995}.Debug|Any CPU.Build.0 = Debug|Any CPU
		{E190BF01-71BB-4B4B-BC8A-F04D27CB2995}.Release|Any CPU.ActiveCfg = Release|Any CPU
		{E190BF01-71BB-4B4B-BC8A-F04D27CB2995}.Release|Any CPU.Build.0 = Release|Any CPU
		{A2859525-5CEA-4CF3-B643-F9C8BDE1825A}.Debug|Any CPU.ActiveCfg = Debug|Any CPU
		{A2859525-5CEA-4CF3-B643-F9C8BDE1825A}.Debug|Any CPU.Build.0 = Debug|Any CPU
		{A2859525-5CEA-4CF3-B643-F9C8BDE1825A}.Release|Any CPU.ActiveCfg = Release|Any CPU
		{A2859525-5CEA-4CF3-B643-F9C8BDE1825A}.Release|Any CPU.Build.0 = Release|Any CPU
		{62627410-5E6F-4EC8-8EE5-AA24F54D2B25}.Debug|Any CPU.ActiveCfg = Debug|Any CPU
		{62627410-5E6F-4EC8-8EE5-AA24F54D2B25}.Debug|Any CPU.Build.0 = Debug|Any CPU
		{62627410-5E6F-4EC8-8EE5-AA24F54D2B25}.Release|Any CPU.ActiveCfg = Release|Any CPU
		{62627410-5E6F-4EC8-8EE5-AA24F54D2B25}.Release|Any CPU.Build.0 = Release|Any CPU
		{466554B0-ADA8-400C-93DC-00CF13AA459F}.Debug|Any CPU.ActiveCfg = Debug|Any CPU
		{466554B0-ADA8-400C-93DC-00CF13AA459F}.Debug|Any CPU.Build.0 = Debug|Any CPU
		{466554B0-ADA8-400C-93DC-00CF13AA459F}.Release|Any CPU.ActiveCfg = Release|Any CPU
		{466554B0-ADA8-400C-93DC-00CF13AA459F}.Release|Any CPU.Build.0 = Release|Any CPU
		{54678C34-C23A-4CC0-8B1B-1D84C4EEA7E1}.Debug|Any CPU.ActiveCfg = Debug|Any CPU
		{54678C34-C23A-4CC0-8B1B-1D84C4EEA7E1}.Debug|Any CPU.Build.0 = Debug|Any CPU
		{54678C34-C23A-4CC0-8B1B-1D84C4EEA7E1}.Release|Any CPU.ActiveCfg = Release|Any CPU
		{54678C34-C23A-4CC0-8B1B-1D84C4EEA7E1}.Release|Any CPU.Build.0 = Release|Any CPU
		{22C42C0B-BF5E-4314-9F6A-6BA50FBB9D52}.Debug|Any CPU.ActiveCfg = Debug|Any CPU
		{22C42C0B-BF5E-4314-9F6A-6BA50FBB9D52}.Debug|Any CPU.Build.0 = Debug|Any CPU
		{22C42C0B-BF5E-4314-9F6A-6BA50FBB9D52}.Release|Any CPU.ActiveCfg = Release|Any CPU
		{22C42C0B-BF5E-4314-9F6A-6BA50FBB9D52}.Release|Any CPU.Build.0 = Release|Any CPU
		{98885BF2-9427-4202-8590-49436D6285AC}.Debug|Any CPU.ActiveCfg = Debug|Any CPU
		{98885BF2-9427-4202-8590-49436D6285AC}.Debug|Any CPU.Build.0 = Debug|Any CPU
		{98885BF2-9427-4202-8590-49436D6285AC}.Release|Any CPU.ActiveCfg = Release|Any CPU
		{98885BF2-9427-4202-8590-49436D6285AC}.Release|Any CPU.Build.0 = Release|Any CPU
		{25F6EF11-3395-436F-88DC-6309A44880A9}.Debug|Any CPU.ActiveCfg = Debug|Any CPU
		{25F6EF11-3395-436F-88DC-6309A44880A9}.Debug|Any CPU.Build.0 = Debug|Any CPU
		{25F6EF11-3395-436F-88DC-6309A44880A9}.Release|Any CPU.ActiveCfg = Release|Any CPU
		{25F6EF11-3395-436F-88DC-6309A44880A9}.Release|Any CPU.Build.0 = Release|Any CPU
		{AD99F482-96B8-42D3-A2C3-093A81020C6A}.Debug|Any CPU.ActiveCfg = Debug|Any CPU
		{AD99F482-96B8-42D3-A2C3-093A81020C6A}.Debug|Any CPU.Build.0 = Debug|Any CPU
		{AD99F482-96B8-42D3-A2C3-093A81020C6A}.Release|Any CPU.ActiveCfg = Release|Any CPU
		{AD99F482-96B8-42D3-A2C3-093A81020C6A}.Release|Any CPU.Build.0 = Release|Any CPU
		{6C838AFF-6DF3-4529-A16F-849458BE3727}.Debug|Any CPU.ActiveCfg = Debug|Any CPU
		{6C838AFF-6DF3-4529-A16F-849458BE3727}.Debug|Any CPU.Build.0 = Debug|Any CPU
		{6C838AFF-6DF3-4529-A16F-849458BE3727}.Release|Any CPU.ActiveCfg = Release|Any CPU
		{6C838AFF-6DF3-4529-A16F-849458BE3727}.Release|Any CPU.Build.0 = Release|Any CPU
		{98E93CA5-E1F6-4845-8C25-79766DF9E820}.Debug|Any CPU.ActiveCfg = Debug|Any CPU
		{98E93CA5-E1F6-4845-8C25-79766DF9E820}.Debug|Any CPU.Build.0 = Debug|Any CPU
		{98E93CA5-E1F6-4845-8C25-79766DF9E820}.Release|Any CPU.ActiveCfg = Release|Any CPU
		{98E93CA5-E1F6-4845-8C25-79766DF9E820}.Release|Any CPU.Build.0 = Release|Any CPU
		{48A0932A-9EAD-4D4B-91EE-B7FDC4D24DC8}.Debug|Any CPU.ActiveCfg = Debug|Any CPU
		{48A0932A-9EAD-4D4B-91EE-B7FDC4D24DC8}.Debug|Any CPU.Build.0 = Debug|Any CPU
		{48A0932A-9EAD-4D4B-91EE-B7FDC4D24DC8}.Release|Any CPU.ActiveCfg = Release|Any CPU
		{48A0932A-9EAD-4D4B-91EE-B7FDC4D24DC8}.Release|Any CPU.Build.0 = Release|Any CPU
		{4A813809-6D29-4F79-9778-A3901CEE0BCC}.Debug|Any CPU.ActiveCfg = Debug|Any CPU
		{4A813809-6D29-4F79-9778-A3901CEE0BCC}.Debug|Any CPU.Build.0 = Debug|Any CPU
		{4A813809-6D29-4F79-9778-A3901CEE0BCC}.Release|Any CPU.ActiveCfg = Release|Any CPU
		{4A813809-6D29-4F79-9778-A3901CEE0BCC}.Release|Any CPU.Build.0 = Release|Any CPU
		{E67ACAD0-420D-4785-9DDB-60A50A878356}.Debug|Any CPU.ActiveCfg = Debug|Any CPU
		{E67ACAD0-420D-4785-9DDB-60A50A878356}.Debug|Any CPU.Build.0 = Debug|Any CPU
		{E67ACAD0-420D-4785-9DDB-60A50A878356}.Release|Any CPU.ActiveCfg = Release|Any CPU
		{E67ACAD0-420D-4785-9DDB-60A50A878356}.Release|Any CPU.Build.0 = Release|Any CPU
		{74F22598-C248-4493-914F-9C60EE83F177}.Debug|Any CPU.ActiveCfg = Debug|Any CPU
		{74F22598-C248-4493-914F-9C60EE83F177}.Debug|Any CPU.Build.0 = Debug|Any CPU
		{74F22598-C248-4493-914F-9C60EE83F177}.Release|Any CPU.ActiveCfg = Release|Any CPU
		{74F22598-C248-4493-914F-9C60EE83F177}.Release|Any CPU.Build.0 = Release|Any CPU
		{BC87501E-53A8-42F4-B2FB-EE0F64065CC5}.Debug|Any CPU.ActiveCfg = Debug|Any CPU
		{BC87501E-53A8-42F4-B2FB-EE0F64065CC5}.Debug|Any CPU.Build.0 = Debug|Any CPU
		{BC87501E-53A8-42F4-B2FB-EE0F64065CC5}.Release|Any CPU.ActiveCfg = Release|Any CPU
		{BC87501E-53A8-42F4-B2FB-EE0F64065CC5}.Release|Any CPU.Build.0 = Release|Any CPU
		{9C02157C-3778-451E-AE8A-61BC822AC7F1}.Debug|Any CPU.ActiveCfg = Debug|Any CPU
		{9C02157C-3778-451E-AE8A-61BC822AC7F1}.Debug|Any CPU.Build.0 = Debug|Any CPU
		{9C02157C-3778-451E-AE8A-61BC822AC7F1}.Release|Any CPU.ActiveCfg = Release|Any CPU
		{9C02157C-3778-451E-AE8A-61BC822AC7F1}.Release|Any CPU.Build.0 = Release|Any CPU
		{FCA24109-A4D1-4103-8580-81F6D229BBBE}.Debug|Any CPU.ActiveCfg = Debug|Any CPU
		{FCA24109-A4D1-4103-8580-81F6D229BBBE}.Debug|Any CPU.Build.0 = Debug|Any CPU
		{FCA24109-A4D1-4103-8580-81F6D229BBBE}.Release|Any CPU.ActiveCfg = Release|Any CPU
		{FCA24109-A4D1-4103-8580-81F6D229BBBE}.Release|Any CPU.Build.0 = Release|Any CPU
	EndGlobalSection
	GlobalSection(SolutionProperties) = preSolution
		HideSolutionNode = FALSE
	EndGlobalSection
	GlobalSection(ExtensibilityGlobals) = postSolution
		SolutionGuid = {E4D32DC6-7233-40AD-9B82-82EDF6CD2BF2}
	EndGlobalSection
EndGlobal
